
Microsoft Visual Studio Solution File, Format Version 12.00
# Visual Studio Version 16
VisualStudioVersion = 16.0.30907.101
MinimumVisualStudioVersion = 10.0.40219.1
Project("{FAE04EC0-301F-11D3-BF4B-00C04F79EFBC}") = "RazorPagesMovie", "RazorPagesMovie.csproj", "{955CD97B-7495-4959-923D-D3EB7E31520C}"
EndProject
Global
	GlobalSection(SolutionConfigurationPlatforms) = preSolution
		Debug|Any CPU = Debug|Any CPU
		Release|Any CPU = Release|Any CPU
	EndGlobalSection
	GlobalSection(ProjectConfigurationPlatforms) = postSolution
		{955CD97B-7495-4959-923D-D3EB7E31520C}.Debug|Any CPU.ActiveCfg = Debug|Any CPU
		{955CD97B-7495-4959-923D-D3EB7E31520C}.Debug|Any CPU.Build.0 = Debug|Any CPU
		{955CD97B-7495-4959-923D-D3EB7E31520C}.Release|Any CPU.ActiveCfg = Release|Any CPU
		{955CD97B-7495-4959-923D-D3EB7E31520C}.Release|Any CPU.Build.0 = Release|Any CPU
	EndGlobalSection
	GlobalSection(SolutionProperties) = preSolution
		HideSolutionNode = FALSE
	EndGlobalSection
	GlobalSection(ExtensibilityGlobals) = postSolution
		SolutionGuid = {B66D8441-ADEF-411F-9B71-5C8CA5AA3659}
	EndGlobalSection
EndGlobal
